{
  "name": "azure-search-openai-demo",
  "lockfileVersion": 2,
  "requires": true,
  "packages": {
    "": {
      "dependencies": {
        "@azure/msal-react": "^2.0.22",
        "@fluentui/react": "^8.120.9",
        "@fluentui/react-hooks": "^8.8.12",
        "@fluentui/react-icons": "^2.0.258",
        "ndjson-readablestream": "^1.2.0"
      }
    },
    "node_modules/@azure/msal-browser": {
      "version": "3.23.0",
      "resolved": "https://registry.npmjs.org/@azure/msal-browser/-/msal-browser-3.23.0.tgz",
      "integrity": "sha512-+QgdMvaeEpdtgRTD7AHHq9aw8uga7mXVHV1KshO1RQ2uI5B55xJ4aEpGlg/ga3H+0arEVcRfT4ZVmX7QLXiCVw==",
      "peer": true,
      "dependencies": {
        "@azure/msal-common": "14.14.2"
      },
      "engines": {
        "node": ">=0.8.0"
      }
    },
    "node_modules/@azure/msal-common": {
      "version": "14.14.2",
      "resolved": "https://registry.npmjs.org/@azure/msal-common/-/msal-common-14.14.2.tgz",
      "integrity": "sha512-XV0P5kSNwDwCA/SjIxTe9mEAsKB0NqGNSuaVrkCCE2lAyBr/D6YtD80Vkdp4tjWnPFwjzkwldjr1xU/facOJog==",
      "peer": true,
      "engines": {
        "node": ">=0.8.0"
      }
    },
    "node_modules/@azure/msal-react": {
      "version": "2.0.22",
      "resolved": "https://registry.npmjs.org/@azure/msal-react/-/msal-react-2.0.22.tgz",
      "integrity": "sha512-hvXWd8uYJiJr+1Kj2VOxWlLomZpxBfNZSuKxwhKAsieCbNM/4Is83ZMBtX2dMOXXx/llTGArwKzBOcp44R2ZQg==",
      "engines": {
        "node": ">=10"
      },
      "peerDependencies": {
        "@azure/msal-browser": "^3.20.0",
        "react": "^16.8.0 || ^17 || ^18"
      }
    },
    "node_modules/@babel/runtime": {
      "version": "7.25.6",
      "resolved": "https://registry.npmjs.org/@babel/runtime/-/runtime-7.25.6.tgz",
      "integrity": "sha512-VBj9MYyDb9tuLq7yzqjgzt6Q+IBQLrGZfdjOekyEirZPHxXWoTSGUTMrpsfi58Up73d13NfYLv8HT9vmznjzhQ==",
      "dependencies": {
        "regenerator-runtime": "^0.14.0"
      },
      "engines": {
        "node": ">=6.9.0"
      }
    },
    "node_modules/@emotion/hash": {
      "version": "0.9.2",
      "resolved": "https://registry.npmjs.org/@emotion/hash/-/hash-0.9.2.tgz",
      "integrity": "sha512-MyqliTZGuOm3+5ZRSaaBGP3USLw6+EGykkwZns2EPC5g8jJ4z9OrdZY9apkl3+UP9+sdz76YYkwCKP5gh8iY3g=="
    },
    "node_modules/@fluentui/date-time-utilities": {
      "version": "8.6.9",
      "resolved": "https://registry.npmjs.org/@fluentui/date-time-utilities/-/date-time-utilities-8.6.9.tgz",
      "integrity": "sha512-dgOlVm4nXBWDLqijmvn4iAtyv1hVpQZjN6p0So74BW+7ASUTkQGe3lf8PHV/OjBiXfZa4qwONvmTQBGCheNU0w==",
      "dependencies": {
        "@fluentui/set-version": "^8.2.23",
        "tslib": "^2.1.0"
      }
    },
    "node_modules/@fluentui/dom-utilities": {
      "version": "2.3.7",
      "resolved": "https://registry.npmjs.org/@fluentui/dom-utilities/-/dom-utilities-2.3.7.tgz",
      "integrity": "sha512-AaTR9BhJEF0i042NS1Ju8l95f24p2tBMq6jVVbUEDtYnKaxWnpv8R9eYjOwy8SDniQc1ino+BkolIgCVXXvDmw==",
      "dependencies": {
        "@fluentui/set-version": "^8.2.23",
        "tslib": "^2.1.0"
      }
    },
    "node_modules/@fluentui/font-icons-mdl2": {
      "version": "8.5.50",
      "resolved": "https://registry.npmjs.org/@fluentui/font-icons-mdl2/-/font-icons-mdl2-8.5.50.tgz",
      "integrity": "sha512-04pRRmuBf9r/3cnBlIedF+SFk2UW7GdRQvdfKxoMuL4dDMLPqo4ruPkI/dz8Mp3EDERQU01XDWtBx11w9obmFQ==",
      "dependencies": {
        "@fluentui/set-version": "^8.2.23",
        "@fluentui/style-utilities": "^8.10.21",
        "@fluentui/utilities": "^8.15.15",
        "tslib": "^2.1.0"
      }
    },
    "node_modules/@fluentui/foundation-legacy": {
      "version": "8.4.16",
      "resolved": "https://registry.npmjs.org/@fluentui/foundation-legacy/-/foundation-legacy-8.4.16.tgz",
      "integrity": "sha512-01/uQPQ2pEkQ6nUUF+tXaYeOG8UssfoEgAVLPolYXr1DC4tT66hPi7Smgsh6tzUkt/Ljy0nw9TIMRoHDHlfRyg==",
      "dependencies": {
        "@fluentui/merge-styles": "^8.6.13",
        "@fluentui/set-version": "^8.2.23",
        "@fluentui/style-utilities": "^8.10.21",
        "@fluentui/utilities": "^8.15.15",
        "tslib": "^2.1.0"
      },
      "peerDependencies": {
        "@types/react": ">=16.8.0 <19.0.0",
        "react": ">=16.8.0 <19.0.0"
      }
    },
    "node_modules/@fluentui/keyboard-key": {
      "version": "0.4.23",
      "resolved": "https://registry.npmjs.org/@fluentui/keyboard-key/-/keyboard-key-0.4.23.tgz",
      "integrity": "sha512-9GXeyUqNJUdg5JiQUZeGPiKnRzMRi9YEUn1l9zq6X/imYdMhxHrxpVZS12129cBfgvPyxt9ceJpywSfmLWqlKA==",
      "dependencies": {
        "tslib": "^2.1.0"
      }
    },
    "node_modules/@fluentui/merge-styles": {
      "version": "8.6.13",
      "resolved": "https://registry.npmjs.org/@fluentui/merge-styles/-/merge-styles-8.6.13.tgz",
      "integrity": "sha512-IWgvi2CC+mcQ7/YlCvRjsmHL2+PUz7q+Pa2Rqk3a+QHN0V1uBvgIbKk5y/Y/awwDXy1yJHiqMCcDHjBNmS1d4A==",
      "dependencies": {
        "@fluentui/set-version": "^8.2.23",
        "tslib": "^2.1.0"
      }
    },
    "node_modules/@fluentui/react": {
      "version": "8.120.9",
      "resolved": "https://registry.npmjs.org/@fluentui/react/-/react-8.120.9.tgz",
      "integrity": "sha512-loZJYZ/qAjoz7la4uClrwJV50pYe+reopYjdgEZX3cjYMPzdIdDsAuRY+HJ9SqOOW97k6PTyBtYvpVpfy7OdEw==",
      "dependencies": {
        "@fluentui/date-time-utilities": "^8.6.9",
        "@fluentui/font-icons-mdl2": "^8.5.50",
        "@fluentui/foundation-legacy": "^8.4.16",
        "@fluentui/merge-styles": "^8.6.13",
        "@fluentui/react-focus": "^8.9.13",
        "@fluentui/react-hooks": "^8.8.12",
        "@fluentui/react-portal-compat-context": "^9.0.12",
        "@fluentui/react-window-provider": "^2.2.28",
        "@fluentui/set-version": "^8.2.23",
        "@fluentui/style-utilities": "^8.10.21",
        "@fluentui/theme": "^2.6.59",
        "@fluentui/utilities": "^8.15.15",
        "@microsoft/load-themed-styles": "^1.10.26",
        "tslib": "^2.1.0"
      },
      "peerDependencies": {
        "@types/react": ">=16.8.0 <19.0.0",
        "@types/react-dom": ">=16.8.0 <19.0.0",
        "react": ">=16.8.0 <19.0.0",
        "react-dom": ">=16.8.0 <19.0.0"
      }
    },
    "node_modules/@fluentui/react-focus": {
      "version": "8.9.13",
      "resolved": "https://registry.npmjs.org/@fluentui/react-focus/-/react-focus-8.9.13.tgz",
      "integrity": "sha512-oUtY4F+tp0RmV0Wr30CoYFdTQEqHWKjU3/dYHPbI0xKH4emLrf8+sc0FAHJdeHH2rx4T1XSA807pm7YB4CQqWw==",
      "dependencies": {
        "@fluentui/keyboard-key": "^0.4.23",
        "@fluentui/merge-styles": "^8.6.13",
        "@fluentui/set-version": "^8.2.23",
        "@fluentui/style-utilities": "^8.10.21",
        "@fluentui/utilities": "^8.15.15",
        "tslib": "^2.1.0"
      },
      "peerDependencies": {
        "@types/react": ">=16.8.0 <19.0.0",
        "react": ">=16.8.0 <19.0.0"
      }
    },
    "node_modules/@fluentui/react-hooks": {
      "version": "8.8.12",
      "resolved": "https://registry.npmjs.org/@fluentui/react-hooks/-/react-hooks-8.8.12.tgz",
      "integrity": "sha512-lplre6x5dONjd12D0BWs4LKq4lX++o0w07pIk2XhxikOW1e4Xfjn6VM52WSdtx+tU4rbLUoCA8drN2y/wDvhGg==",
      "dependencies": {
        "@fluentui/react-window-provider": "^2.2.28",
        "@fluentui/set-version": "^8.2.23",
        "@fluentui/utilities": "^8.15.15",
        "tslib": "^2.1.0"
      },
      "peerDependencies": {
        "@types/react": ">=16.8.0 <19.0.0",
        "react": ">=16.8.0 <19.0.0"
      }
    },
    "node_modules/@fluentui/react-icons": {
      "version": "2.0.258",
      "resolved": "https://registry.npmjs.org/@fluentui/react-icons/-/react-icons-2.0.258.tgz",
      "integrity": "sha512-SRCW+3q/fBBCwgucdnfuRad9ck/hQW92xAJ+tELKBJI4f9BJ1U8QyeZoRu14xMEKL/VsFLbEkeXNAgvjJ0IjkA==",
      "dependencies": {
        "@griffel/react": "^1.0.0",
        "tslib": "^2.1.0"
      },
      "peerDependencies": {
        "react": ">=16.8.0 <19.0.0"
      }
    },
    "node_modules/@fluentui/react-portal-compat-context": {
      "version": "9.0.12",
      "resolved": "https://registry.npmjs.org/@fluentui/react-portal-compat-context/-/react-portal-compat-context-9.0.12.tgz",
      "integrity": "sha512-5AVXWX9GnbvwnJZYUb4LSIF7BsI/N8oTI6+7Yn0w6B3yaWykA8Menlz757X5tgVBjouEj4Eom+AoVvA7u8gPDA==",
      "dependencies": {
        "@swc/helpers": "^0.5.1"
      },
      "peerDependencies": {
        "@types/react": ">=16.14.0 <19.0.0",
        "react": ">=16.14.0 <19.0.0"
      }
    },
    "node_modules/@fluentui/react-window-provider": {
      "version": "2.2.28",
      "resolved": "https://registry.npmjs.org/@fluentui/react-window-provider/-/react-window-provider-2.2.28.tgz",
      "integrity": "sha512-YdZ74HTaoDwlvLDzoBST80/17ExIl93tLJpTxnqK5jlJOAUVQ+mxLPF2HQEJq+SZr5IMXHsQ56w/KaZVRn72YA==",
      "dependencies": {
        "@fluentui/set-version": "^8.2.23",
        "tslib": "^2.1.0"
      },
      "peerDependencies": {
        "@types/react": ">=16.8.0 <19.0.0",
        "react": ">=16.8.0 <19.0.0"
      }
    },
    "node_modules/@fluentui/set-version": {
      "version": "8.2.23",
      "resolved": "https://registry.npmjs.org/@fluentui/set-version/-/set-version-8.2.23.tgz",
      "integrity": "sha512-VPXaBsiaa3Xn/AY40nLU9bvDQ62lpMVnFzFTlQ8CbpdwrjxNlRxDUY5vRToNzp1+Zu5gD/+CgsXqIZGcry5L5w==",
      "dependencies": {
        "tslib": "^2.1.0"
      }
    },
    "node_modules/@fluentui/style-utilities": {
      "version": "8.10.21",
      "resolved": "https://registry.npmjs.org/@fluentui/style-utilities/-/style-utilities-8.10.21.tgz",
      "integrity": "sha512-tqdSQI1MAnNUPtNKKV9LeNqmEhBZL+lpV+m6Ngl6SDuR0aQkMkuo1jA9rPxNRLUf5+pbI8LrNQ4WiCWqYkV/QQ==",
      "dependencies": {
        "@fluentui/merge-styles": "^8.6.13",
        "@fluentui/set-version": "^8.2.23",
        "@fluentui/theme": "^2.6.59",
        "@fluentui/utilities": "^8.15.15",
        "@microsoft/load-themed-styles": "^1.10.26",
        "tslib": "^2.1.0"
      }
    },
    "node_modules/@fluentui/theme": {
      "version": "2.6.59",
      "resolved": "https://registry.npmjs.org/@fluentui/theme/-/theme-2.6.59.tgz",
      "integrity": "sha512-o/6UgKgPW6QI/+2OfCXeJfcOCbtzLIwM/3W/DzI2Pjt56ubT98IEcb32NCHoIKB2xkEnJoTjGgN1m+vHAvcQxA==",
      "dependencies": {
        "@fluentui/merge-styles": "^8.6.13",
        "@fluentui/set-version": "^8.2.23",
        "@fluentui/utilities": "^8.15.15",
        "tslib": "^2.1.0"
      },
      "peerDependencies": {
        "@types/react": ">=16.8.0 <19.0.0",
        "react": ">=16.8.0 <19.0.0"
      }
    },
    "node_modules/@fluentui/utilities": {
      "version": "8.15.15",
      "resolved": "https://registry.npmjs.org/@fluentui/utilities/-/utilities-8.15.15.tgz",
      "integrity": "sha512-7GpET/AuWR8aBEQSQj9iO2j+9riAaoK1qBduCB4Ht6353d25vwwsKXreHZGqS8efv+NNIxQTlLWz0Rq73iQFWw==",
      "dependencies": {
        "@fluentui/dom-utilities": "^2.3.7",
        "@fluentui/merge-styles": "^8.6.13",
        "@fluentui/react-window-provider": "^2.2.28",
        "@fluentui/set-version": "^8.2.23",
        "tslib": "^2.1.0"
      },
      "peerDependencies": {
        "@types/react": ">=16.8.0 <19.0.0",
        "react": ">=16.8.0 <19.0.0"
      }
    },
    "node_modules/@griffel/core": {
      "version": "1.18.0",
      "resolved": "https://registry.npmjs.org/@griffel/core/-/core-1.18.0.tgz",
      "integrity": "sha512-3Dkn6f7ULeSzJ1wLyLfN1vc+v3q5shuEejeMe4XymBozQo0l35WIfH8FWcwB+Xrgip4fLLOy1p3sYN85gFGZxw==",
      "dependencies": {
        "@emotion/hash": "^0.9.0",
        "@griffel/style-types": "^1.2.0",
        "csstype": "^3.1.3",
        "rtl-css-js": "^1.16.1",
        "stylis": "^4.2.0",
        "tslib": "^2.1.0"
      }
    },
    "node_modules/@griffel/react": {
      "version": "1.5.25",
      "resolved": "https://registry.npmjs.org/@griffel/react/-/react-1.5.25.tgz",
      "integrity": "sha512-ZGiCdn71VIX56fd3AxM7ouCxgClPvunOFIpXxFKebGJ94/rdj4sIbahuI1QBUFuU4/bqUyD6QonjDEpFBl9ORw==",
      "dependencies": {
        "@griffel/core": "^1.18.0",
        "tslib": "^2.1.0"
      },
      "peerDependencies": {
        "react": ">=16.8.0 <19.0.0"
      }
    },
    "node_modules/@griffel/style-types": {
      "version": "1.2.0",
      "resolved": "https://registry.npmjs.org/@griffel/style-types/-/style-types-1.2.0.tgz",
      "integrity": "sha512-x166MNw0vWe5l5qhinfNT4eyWOaP48iFzPyFOfIB0/BVidKTWsEe5PmqRJDDtrJFS3VHhd/tE0oM6tkEMh2tsg==",
      "dependencies": {
        "csstype": "^3.1.3"
      }
    },
    "node_modules/@microsoft/load-themed-styles": {
      "version": "1.10.295",
      "resolved": "https://registry.npmjs.org/@microsoft/load-themed-styles/-/load-themed-styles-1.10.295.tgz",
      "integrity": "sha512-W+IzEBw8a6LOOfRJM02dTT7BDZijxm+Z7lhtOAz1+y9vQm1Kdz9jlAO+qCEKsfxtUOmKilW8DIRqFw2aUgKeGg=="
    },
    "node_modules/@swc/helpers": {
      "version": "0.5.13",
      "resolved": "https://registry.npmjs.org/@swc/helpers/-/helpers-0.5.13.tgz",
      "integrity": "sha512-UoKGxQ3r5kYI9dALKJapMmuK+1zWM/H17Z1+iwnNmzcJRnfFuevZs375TA5rW31pu4BS4NoSy1fRsexDXfWn5w==",
      "dependencies": {
        "tslib": "^2.4.0"
      }
    },
    "node_modules/@types/prop-types": {
      "version": "15.7.12",
      "resolved": "https://registry.npmjs.org/@types/prop-types/-/prop-types-15.7.12.tgz",
      "integrity": "sha512-5zvhXYtRNRluoE/jAp4GVsSduVUzNWKkOZrCDBWYtE7biZywwdC2AcEzg+cSMLFRfVgeAFqpfNabiPjxFddV1Q==",
      "peer": true
    },
    "node_modules/@types/react": {
      "version": "18.3.5",
      "resolved": "https://registry.npmjs.org/@types/react/-/react-18.3.5.tgz",
      "integrity": "sha512-WeqMfGJLGuLCqHGYRGHxnKrXcTitc6L/nBUWfWPcTarG3t9PsquqUMuVeXZeca+mglY4Vo5GZjCi0A3Or2lnxA==",
      "peer": true,
      "dependencies": {
        "@types/prop-types": "*",
        "csstype": "^3.0.2"
      }
    },
    "node_modules/@types/react-dom": {
      "version": "18.3.0",
      "resolved": "https://registry.npmjs.org/@types/react-dom/-/react-dom-18.3.0.tgz",
      "integrity": "sha512-EhwApuTmMBmXuFOikhQLIBUn6uFg81SwLMOAUgodJF14SOBOCMdU04gDoYi0WOJJHD144TL32z4yDqCW3dnkQg==",
      "peer": true,
      "dependencies": {
        "@types/react": "*"
      }
    },
    "node_modules/csstype": {
      "version": "3.1.3",
      "resolved": "https://registry.npmjs.org/csstype/-/csstype-3.1.3.tgz",
      "integrity": "sha512-M1uQkMl8rQK/szD0LNhtqxIPLpimGm8sOBwU7lLnCpSbTyY3yeU1Vc7l4KT5zT4s/yOxHH5O7tIuuLOCnLADRw=="
    },
    "node_modules/js-tokens": {
      "version": "4.0.0",
      "resolved": "https://registry.npmjs.org/js-tokens/-/js-tokens-4.0.0.tgz",
      "integrity": "sha512-RdJUflcE3cUzKiMqQgsCu06FPu9UdIJO0beYbPhHN4k6apgJtifcoCtT9bcxOpYBtpD2kCM6Sbzg4CausW/PKQ==",
      "peer": true
    },
    "node_modules/loose-envify": {
      "version": "1.4.0",
      "resolved": "https://registry.npmjs.org/loose-envify/-/loose-envify-1.4.0.tgz",
      "integrity": "sha512-lyuxPGr/Wfhrlem2CL/UcnUc1zcqKAImBDzukY7Y5F/yQiNdko6+fRLevlw1HgMySw7f611UIY408EtxRSoK3Q==",
      "peer": true,
      "dependencies": {
        "js-tokens": "^3.0.0 || ^4.0.0"
      },
      "bin": {
        "loose-envify": "cli.js"
      }
    },
    "node_modules/ndjson-readablestream": {
      "version": "1.2.0",
      "resolved": "https://registry.npmjs.org/ndjson-readablestream/-/ndjson-readablestream-1.2.0.tgz",
      "integrity": "sha512-QbWX2IIfKMVL+ZFHm9vFEzPh1NzZfzJql59T+9XoXzUp8n0wu2t9qgDV9nT0A77YYa6KbAjsHNWzJfpZTfp4xQ=="
    },
    "node_modules/react": {
      "version": "18.3.1",
      "resolved": "https://registry.npmjs.org/react/-/react-18.3.1.tgz",
      "integrity": "sha512-wS+hAgJShR0KhEvPJArfuPVN1+Hz1t0Y6n5jLrGQbkb4urgPE/0Rve+1kMB1v/oWgHgm4WIcV+i7F2pTVj+2iQ==",
      "peer": true,
      "dependencies": {
        "loose-envify": "^1.1.0"
      },
      "engines": {
        "node": ">=0.10.0"
      }
    },
    "node_modules/react-dom": {
      "version": "18.3.1",
      "resolved": "https://registry.npmjs.org/react-dom/-/react-dom-18.3.1.tgz",
      "integrity": "sha512-5m4nQKp+rZRb09LNH59GM4BxTh9251/ylbKIbpe7TpGxfJ+9kv6BLkLBXIjjspbgbnIBNqlI23tRnTWT0snUIw==",
      "peer": true,
      "dependencies": {
        "loose-envify": "^1.1.0",
        "scheduler": "^0.23.2"
      },
      "peerDependencies": {
        "react": "^18.3.1"
      }
    },
    "node_modules/regenerator-runtime": {
      "version": "0.14.1",
      "resolved": "https://registry.npmjs.org/regenerator-runtime/-/regenerator-runtime-0.14.1.tgz",
      "integrity": "sha512-dYnhHh0nJoMfnkZs6GmmhFknAGRrLznOu5nc9ML+EJxGvrx6H7teuevqVqCuPcPK//3eDrrjQhehXVx9cnkGdw=="
    },
    "node_modules/rtl-css-js": {
      "version": "1.16.1",
      "resolved": "https://registry.npmjs.org/rtl-css-js/-/rtl-css-js-1.16.1.tgz",
      "integrity": "sha512-lRQgou1mu19e+Ya0LsTvKrVJ5TYUbqCVPAiImX3UfLTenarvPUl1QFdvu5Z3PYmHT9RCcwIfbjRQBntExyj3Zg==",
      "dependencies": {
        "@babel/runtime": "^7.1.2"
      }
    },
    "node_modules/scheduler": {
      "version": "0.23.2",
      "resolved": "https://registry.npmjs.org/scheduler/-/scheduler-0.23.2.tgz",
      "integrity": "sha512-UOShsPwz7NrMUqhR6t0hWjFduvOzbtv7toDH1/hIrfRNIDBnnBWd0CwJTGvTpngVlmwGCdP9/Zl/tVrDqcuYzQ==",
      "peer": true,
      "dependencies": {
        "loose-envify": "^1.1.0"
      }
    },
    "node_modules/stylis": {
      "version": "4.3.4",
      "resolved": "https://registry.npmjs.org/stylis/-/stylis-4.3.4.tgz",
      "integrity": "sha512-osIBl6BGUmSfDkyH2mB7EFvCJntXDrLhKjHTRj/rK6xLH0yuPrHULDRQzKokSOD4VoorhtKpfcfW1GAntu8now=="
    },
    "node_modules/tslib": {
      "version": "2.7.0",
      "resolved": "https://registry.npmjs.org/tslib/-/tslib-2.7.0.tgz",
      "integrity": "sha512-gLXCKdN1/j47AiHiOkJN69hJmcbGTHI0ImLmbYLHykhgeN0jVGola9yVjFgzCUklsZQMW55o+dW7IXv3RCXDzA=="
    }
  },
  "dependencies": {
    "@azure/msal-browser": {
      "version": "3.23.0",
      "resolved": "https://registry.npmjs.org/@azure/msal-browser/-/msal-browser-3.23.0.tgz",
      "integrity": "sha512-+QgdMvaeEpdtgRTD7AHHq9aw8uga7mXVHV1KshO1RQ2uI5B55xJ4aEpGlg/ga3H+0arEVcRfT4ZVmX7QLXiCVw==",
      "peer": true,
      "requires": {
        "@azure/msal-common": "14.14.2"
      }
    },
    "@azure/msal-common": {
      "version": "14.14.2",
      "resolved": "https://registry.npmjs.org/@azure/msal-common/-/msal-common-14.14.2.tgz",
      "integrity": "sha512-XV0P5kSNwDwCA/SjIxTe9mEAsKB0NqGNSuaVrkCCE2lAyBr/D6YtD80Vkdp4tjWnPFwjzkwldjr1xU/facOJog==",
      "peer": true
    },
    "@azure/msal-react": {
      "version": "2.0.22",
      "resolved": "https://registry.npmjs.org/@azure/msal-react/-/msal-react-2.0.22.tgz",
      "integrity": "sha512-hvXWd8uYJiJr+1Kj2VOxWlLomZpxBfNZSuKxwhKAsieCbNM/4Is83ZMBtX2dMOXXx/llTGArwKzBOcp44R2ZQg==",
      "requires": {}
    },
    "@babel/runtime": {
      "version": "7.25.6",
      "resolved": "https://registry.npmjs.org/@babel/runtime/-/runtime-7.25.6.tgz",
      "integrity": "sha512-VBj9MYyDb9tuLq7yzqjgzt6Q+IBQLrGZfdjOekyEirZPHxXWoTSGUTMrpsfi58Up73d13NfYLv8HT9vmznjzhQ==",
      "requires": {
        "regenerator-runtime": "^0.14.0"
      }
    },
    "@emotion/hash": {
      "version": "0.9.2",
      "resolved": "https://registry.npmjs.org/@emotion/hash/-/hash-0.9.2.tgz",
      "integrity": "sha512-MyqliTZGuOm3+5ZRSaaBGP3USLw6+EGykkwZns2EPC5g8jJ4z9OrdZY9apkl3+UP9+sdz76YYkwCKP5gh8iY3g=="
    },
    "@fluentui/date-time-utilities": {
      "version": "8.6.9",
      "resolved": "https://registry.npmjs.org/@fluentui/date-time-utilities/-/date-time-utilities-8.6.9.tgz",
      "integrity": "sha512-dgOlVm4nXBWDLqijmvn4iAtyv1hVpQZjN6p0So74BW+7ASUTkQGe3lf8PHV/OjBiXfZa4qwONvmTQBGCheNU0w==",
      "requires": {
        "@fluentui/set-version": "^8.2.23",
        "tslib": "^2.1.0"
      }
    },
    "@fluentui/dom-utilities": {
      "version": "2.3.7",
      "resolved": "https://registry.npmjs.org/@fluentui/dom-utilities/-/dom-utilities-2.3.7.tgz",
      "integrity": "sha512-AaTR9BhJEF0i042NS1Ju8l95f24p2tBMq6jVVbUEDtYnKaxWnpv8R9eYjOwy8SDniQc1ino+BkolIgCVXXvDmw==",
      "requires": {
        "@fluentui/set-version": "^8.2.23",
        "tslib": "^2.1.0"
      }
    },
    "@fluentui/font-icons-mdl2": {
      "version": "8.5.50",
      "resolved": "https://registry.npmjs.org/@fluentui/font-icons-mdl2/-/font-icons-mdl2-8.5.50.tgz",
      "integrity": "sha512-04pRRmuBf9r/3cnBlIedF+SFk2UW7GdRQvdfKxoMuL4dDMLPqo4ruPkI/dz8Mp3EDERQU01XDWtBx11w9obmFQ==",
      "requires": {
        "@fluentui/set-version": "^8.2.23",
        "@fluentui/style-utilities": "^8.10.21",
        "@fluentui/utilities": "^8.15.15",
        "tslib": "^2.1.0"
      }
    },
    "@fluentui/foundation-legacy": {
      "version": "8.4.16",
      "resolved": "https://registry.npmjs.org/@fluentui/foundation-legacy/-/foundation-legacy-8.4.16.tgz",
      "integrity": "sha512-01/uQPQ2pEkQ6nUUF+tXaYeOG8UssfoEgAVLPolYXr1DC4tT66hPi7Smgsh6tzUkt/Ljy0nw9TIMRoHDHlfRyg==",
      "requires": {
        "@fluentui/merge-styles": "^8.6.13",
        "@fluentui/set-version": "^8.2.23",
        "@fluentui/style-utilities": "^8.10.21",
        "@fluentui/utilities": "^8.15.15",
        "tslib": "^2.1.0"
      }
    },
    "@fluentui/keyboard-key": {
      "version": "0.4.23",
      "resolved": "https://registry.npmjs.org/@fluentui/keyboard-key/-/keyboard-key-0.4.23.tgz",
      "integrity": "sha512-9GXeyUqNJUdg5JiQUZeGPiKnRzMRi9YEUn1l9zq6X/imYdMhxHrxpVZS12129cBfgvPyxt9ceJpywSfmLWqlKA==",
      "requires": {
        "tslib": "^2.1.0"
      }
    },
    "@fluentui/merge-styles": {
      "version": "8.6.13",
      "resolved": "https://registry.npmjs.org/@fluentui/merge-styles/-/merge-styles-8.6.13.tgz",
      "integrity": "sha512-IWgvi2CC+mcQ7/YlCvRjsmHL2+PUz7q+Pa2Rqk3a+QHN0V1uBvgIbKk5y/Y/awwDXy1yJHiqMCcDHjBNmS1d4A==",
      "requires": {
        "@fluentui/set-version": "^8.2.23",
        "tslib": "^2.1.0"
      }
    },
    "@fluentui/react": {
      "version": "8.120.9",
      "resolved": "https://registry.npmjs.org/@fluentui/react/-/react-8.120.9.tgz",
      "integrity": "sha512-loZJYZ/qAjoz7la4uClrwJV50pYe+reopYjdgEZX3cjYMPzdIdDsAuRY+HJ9SqOOW97k6PTyBtYvpVpfy7OdEw==",
      "requires": {
        "@fluentui/date-time-utilities": "^8.6.9",
        "@fluentui/font-icons-mdl2": "^8.5.50",
        "@fluentui/foundation-legacy": "^8.4.16",
        "@fluentui/merge-styles": "^8.6.13",
        "@fluentui/react-focus": "^8.9.13",
        "@fluentui/react-hooks": "^8.8.12",
        "@fluentui/react-portal-compat-context": "^9.0.12",
        "@fluentui/react-window-provider": "^2.2.28",
        "@fluentui/set-version": "^8.2.23",
        "@fluentui/style-utilities": "^8.10.21",
        "@fluentui/theme": "^2.6.59",
        "@fluentui/utilities": "^8.15.15",
        "@microsoft/load-themed-styles": "^1.10.26",
        "tslib": "^2.1.0"
      }
    },
    "@fluentui/react-focus": {
      "version": "8.9.13",
      "resolved": "https://registry.npmjs.org/@fluentui/react-focus/-/react-focus-8.9.13.tgz",
      "integrity": "sha512-oUtY4F+tp0RmV0Wr30CoYFdTQEqHWKjU3/dYHPbI0xKH4emLrf8+sc0FAHJdeHH2rx4T1XSA807pm7YB4CQqWw==",
      "requires": {
        "@fluentui/keyboard-key": "^0.4.23",
        "@fluentui/merge-styles": "^8.6.13",
        "@fluentui/set-version": "^8.2.23",
        "@fluentui/style-utilities": "^8.10.21",
        "@fluentui/utilities": "^8.15.15",
        "tslib": "^2.1.0"
      }
    },
    "@fluentui/react-hooks": {
      "version": "8.8.12",
      "resolved": "https://registry.npmjs.org/@fluentui/react-hooks/-/react-hooks-8.8.12.tgz",
      "integrity": "sha512-lplre6x5dONjd12D0BWs4LKq4lX++o0w07pIk2XhxikOW1e4Xfjn6VM52WSdtx+tU4rbLUoCA8drN2y/wDvhGg==",
      "requires": {
        "@fluentui/react-window-provider": "^2.2.28",
        "@fluentui/set-version": "^8.2.23",
        "@fluentui/utilities": "^8.15.15",
        "tslib": "^2.1.0"
      }
    },
    "@fluentui/react-icons": {
      "version": "2.0.258",
      "resolved": "https://registry.npmjs.org/@fluentui/react-icons/-/react-icons-2.0.258.tgz",
      "integrity": "sha512-SRCW+3q/fBBCwgucdnfuRad9ck/hQW92xAJ+tELKBJI4f9BJ1U8QyeZoRu14xMEKL/VsFLbEkeXNAgvjJ0IjkA==",
      "requires": {
        "@griffel/react": "^1.0.0",
        "tslib": "^2.1.0"
      }
    },
    "@fluentui/react-portal-compat-context": {
      "version": "9.0.12",
      "resolved": "https://registry.npmjs.org/@fluentui/react-portal-compat-context/-/react-portal-compat-context-9.0.12.tgz",
      "integrity": "sha512-5AVXWX9GnbvwnJZYUb4LSIF7BsI/N8oTI6+7Yn0w6B3yaWykA8Menlz757X5tgVBjouEj4Eom+AoVvA7u8gPDA==",
      "requires": {
        "@swc/helpers": "^0.5.1"
      }
    },
    "@fluentui/react-window-provider": {
      "version": "2.2.28",
      "resolved": "https://registry.npmjs.org/@fluentui/react-window-provider/-/react-window-provider-2.2.28.tgz",
      "integrity": "sha512-YdZ74HTaoDwlvLDzoBST80/17ExIl93tLJpTxnqK5jlJOAUVQ+mxLPF2HQEJq+SZr5IMXHsQ56w/KaZVRn72YA==",
      "requires": {
        "@fluentui/set-version": "^8.2.23",
        "tslib": "^2.1.0"
      }
    },
    "@fluentui/set-version": {
      "version": "8.2.23",
      "resolved": "https://registry.npmjs.org/@fluentui/set-version/-/set-version-8.2.23.tgz",
      "integrity": "sha512-VPXaBsiaa3Xn/AY40nLU9bvDQ62lpMVnFzFTlQ8CbpdwrjxNlRxDUY5vRToNzp1+Zu5gD/+CgsXqIZGcry5L5w==",
      "requires": {
        "tslib": "^2.1.0"
      }
    },
    "@fluentui/style-utilities": {
      "version": "8.10.21",
      "resolved": "https://registry.npmjs.org/@fluentui/style-utilities/-/style-utilities-8.10.21.tgz",
      "integrity": "sha512-tqdSQI1MAnNUPtNKKV9LeNqmEhBZL+lpV+m6Ngl6SDuR0aQkMkuo1jA9rPxNRLUf5+pbI8LrNQ4WiCWqYkV/QQ==",
      "requires": {
        "@fluentui/merge-styles": "^8.6.13",
        "@fluentui/set-version": "^8.2.23",
        "@fluentui/theme": "^2.6.59",
        "@fluentui/utilities": "^8.15.15",
        "@microsoft/load-themed-styles": "^1.10.26",
        "tslib": "^2.1.0"
      }
    },
    "@fluentui/theme": {
      "version": "2.6.59",
      "resolved": "https://registry.npmjs.org/@fluentui/theme/-/theme-2.6.59.tgz",
      "integrity": "sha512-o/6UgKgPW6QI/+2OfCXeJfcOCbtzLIwM/3W/DzI2Pjt56ubT98IEcb32NCHoIKB2xkEnJoTjGgN1m+vHAvcQxA==",
      "requires": {
        "@fluentui/merge-styles": "^8.6.13",
        "@fluentui/set-version": "^8.2.23",
        "@fluentui/utilities": "^8.15.15",
        "tslib": "^2.1.0"
      }
    },
    "@fluentui/utilities": {
      "version": "8.15.15",
      "resolved": "https://registry.npmjs.org/@fluentui/utilities/-/utilities-8.15.15.tgz",
      "integrity": "sha512-7GpET/AuWR8aBEQSQj9iO2j+9riAaoK1qBduCB4Ht6353d25vwwsKXreHZGqS8efv+NNIxQTlLWz0Rq73iQFWw==",
      "requires": {
        "@fluentui/dom-utilities": "^2.3.7",
        "@fluentui/merge-styles": "^8.6.13",
        "@fluentui/react-window-provider": "^2.2.28",
        "@fluentui/set-version": "^8.2.23",
        "tslib": "^2.1.0"
      }
    },
    "@griffel/core": {
      "version": "1.18.0",
      "resolved": "https://registry.npmjs.org/@griffel/core/-/core-1.18.0.tgz",
      "integrity": "sha512-3Dkn6f7ULeSzJ1wLyLfN1vc+v3q5shuEejeMe4XymBozQo0l35WIfH8FWcwB+Xrgip4fLLOy1p3sYN85gFGZxw==",
      "requires": {
        "@emotion/hash": "^0.9.0",
        "@griffel/style-types": "^1.2.0",
        "csstype": "^3.1.3",
        "rtl-css-js": "^1.16.1",
        "stylis": "^4.2.0",
        "tslib": "^2.1.0"
      }
    },
    "@griffel/react": {
      "version": "1.5.25",
      "resolved": "https://registry.npmjs.org/@griffel/react/-/react-1.5.25.tgz",
      "integrity": "sha512-ZGiCdn71VIX56fd3AxM7ouCxgClPvunOFIpXxFKebGJ94/rdj4sIbahuI1QBUFuU4/bqUyD6QonjDEpFBl9ORw==",
      "requires": {
        "@griffel/core": "^1.18.0",
        "tslib": "^2.1.0"
      }
    },
    "@griffel/style-types": {
      "version": "1.2.0",
      "resolved": "https://registry.npmjs.org/@griffel/style-types/-/style-types-1.2.0.tgz",
      "integrity": "sha512-x166MNw0vWe5l5qhinfNT4eyWOaP48iFzPyFOfIB0/BVidKTWsEe5PmqRJDDtrJFS3VHhd/tE0oM6tkEMh2tsg==",
      "requires": {
        "csstype": "^3.1.3"
      }
    },
    "@microsoft/load-themed-styles": {
      "version": "1.10.295",
      "resolved": "https://registry.npmjs.org/@microsoft/load-themed-styles/-/load-themed-styles-1.10.295.tgz",
      "integrity": "sha512-W+IzEBw8a6LOOfRJM02dTT7BDZijxm+Z7lhtOAz1+y9vQm1Kdz9jlAO+qCEKsfxtUOmKilW8DIRqFw2aUgKeGg=="
    },
    "@swc/helpers": {
      "version": "0.5.13",
      "resolved": "https://registry.npmjs.org/@swc/helpers/-/helpers-0.5.13.tgz",
      "integrity": "sha512-UoKGxQ3r5kYI9dALKJapMmuK+1zWM/H17Z1+iwnNmzcJRnfFuevZs375TA5rW31pu4BS4NoSy1fRsexDXfWn5w==",
      "requires": {
        "tslib": "^2.4.0"
      }
    },
    "@types/prop-types": {
      "version": "15.7.12",
      "resolved": "https://registry.npmjs.org/@types/prop-types/-/prop-types-15.7.12.tgz",
      "integrity": "sha512-5zvhXYtRNRluoE/jAp4GVsSduVUzNWKkOZrCDBWYtE7biZywwdC2AcEzg+cSMLFRfVgeAFqpfNabiPjxFddV1Q==",
      "peer": true
    },
    "@types/react": {
      "version": "18.3.5",
      "resolved": "https://registry.npmjs.org/@types/react/-/react-18.3.5.tgz",
      "integrity": "sha512-WeqMfGJLGuLCqHGYRGHxnKrXcTitc6L/nBUWfWPcTarG3t9PsquqUMuVeXZeca+mglY4Vo5GZjCi0A3Or2lnxA==",
      "peer": true,
      "requires": {
        "@types/prop-types": "*",
        "csstype": "^3.0.2"
      }
    },
    "@types/react-dom": {
      "version": "18.3.0",
      "resolved": "https://registry.npmjs.org/@types/react-dom/-/react-dom-18.3.0.tgz",
      "integrity": "sha512-EhwApuTmMBmXuFOikhQLIBUn6uFg81SwLMOAUgodJF14SOBOCMdU04gDoYi0WOJJHD144TL32z4yDqCW3dnkQg==",
      "peer": true,
      "requires": {
        "@types/react": "*"
      }
    },
    "csstype": {
      "version": "3.1.3",
      "resolved": "https://registry.npmjs.org/csstype/-/csstype-3.1.3.tgz",
      "integrity": "sha512-M1uQkMl8rQK/szD0LNhtqxIPLpimGm8sOBwU7lLnCpSbTyY3yeU1Vc7l4KT5zT4s/yOxHH5O7tIuuLOCnLADRw=="
    },
    "js-tokens": {
      "version": "4.0.0",
      "resolved": "https://registry.npmjs.org/js-tokens/-/js-tokens-4.0.0.tgz",
      "integrity": "sha512-RdJUflcE3cUzKiMqQgsCu06FPu9UdIJO0beYbPhHN4k6apgJtifcoCtT9bcxOpYBtpD2kCM6Sbzg4CausW/PKQ==",
      "peer": true
    },
    "loose-envify": {
      "version": "1.4.0",
      "resolved": "https://registry.npmjs.org/loose-envify/-/loose-envify-1.4.0.tgz",
      "integrity": "sha512-lyuxPGr/Wfhrlem2CL/UcnUc1zcqKAImBDzukY7Y5F/yQiNdko6+fRLevlw1HgMySw7f611UIY408EtxRSoK3Q==",
      "peer": true,
      "requires": {
        "js-tokens": "^3.0.0 || ^4.0.0"
      }
    },
    "ndjson-readablestream": {
      "version": "1.2.0",
      "resolved": "https://registry.npmjs.org/ndjson-readablestream/-/ndjson-readablestream-1.2.0.tgz",
      "integrity": "sha512-QbWX2IIfKMVL+ZFHm9vFEzPh1NzZfzJql59T+9XoXzUp8n0wu2t9qgDV9nT0A77YYa6KbAjsHNWzJfpZTfp4xQ=="
    },
    "react": {
      "version": "18.3.1",
      "resolved": "https://registry.npmjs.org/react/-/react-18.3.1.tgz",
      "integrity": "sha512-wS+hAgJShR0KhEvPJArfuPVN1+Hz1t0Y6n5jLrGQbkb4urgPE/0Rve+1kMB1v/oWgHgm4WIcV+i7F2pTVj+2iQ==",
      "peer": true,
      "requires": {
        "loose-envify": "^1.1.0"
      }
    },
    "react-dom": {
      "version": "18.3.1",
      "resolved": "https://registry.npmjs.org/react-dom/-/react-dom-18.3.1.tgz",
      "integrity": "sha512-5m4nQKp+rZRb09LNH59GM4BxTh9251/ylbKIbpe7TpGxfJ+9kv6BLkLBXIjjspbgbnIBNqlI23tRnTWT0snUIw==",
      "peer": true,
      "requires": {
        "loose-envify": "^1.1.0",
        "scheduler": "^0.23.2"
      }
    },
    "regenerator-runtime": {
      "version": "0.14.1",
      "resolved": "https://registry.npmjs.org/regenerator-runtime/-/regenerator-runtime-0.14.1.tgz",
      "integrity": "sha512-dYnhHh0nJoMfnkZs6GmmhFknAGRrLznOu5nc9ML+EJxGvrx6H7teuevqVqCuPcPK//3eDrrjQhehXVx9cnkGdw=="
    },
    "rtl-css-js": {
      "version": "1.16.1",
      "resolved": "https://registry.npmjs.org/rtl-css-js/-/rtl-css-js-1.16.1.tgz",
      "integrity": "sha512-lRQgou1mu19e+Ya0LsTvKrVJ5TYUbqCVPAiImX3UfLTenarvPUl1QFdvu5Z3PYmHT9RCcwIfbjRQBntExyj3Zg==",
      "requires": {
        "@babel/runtime": "^7.1.2"
      }
    },
    "scheduler": {
      "version": "0.23.2",
      "resolved": "https://registry.npmjs.org/scheduler/-/scheduler-0.23.2.tgz",
      "integrity": "sha512-UOShsPwz7NrMUqhR6t0hWjFduvOzbtv7toDH1/hIrfRNIDBnnBWd0CwJTGvTpngVlmwGCdP9/Zl/tVrDqcuYzQ==",
      "peer": true,
      "requires": {
        "loose-envify": "^1.1.0"
      }
    },
    "stylis": {
      "version": "4.3.4",
      "resolved": "https://registry.npmjs.org/stylis/-/stylis-4.3.4.tgz",
      "integrity": "sha512-osIBl6BGUmSfDkyH2mB7EFvCJntXDrLhKjHTRj/rK6xLH0yuPrHULDRQzKokSOD4VoorhtKpfcfW1GAntu8now=="
    },
    "tslib": {
      "version": "2.7.0",
      "resolved": "https://registry.npmjs.org/tslib/-/tslib-2.7.0.tgz",
      "integrity": "sha512-gLXCKdN1/j47AiHiOkJN69hJmcbGTHI0ImLmbYLHykhgeN0jVGola9yVjFgzCUklsZQMW55o+dW7IXv3RCXDzA=="
    }
  }
}
