
Microsoft Visual Studio Solution File, Format Version 12.00
# Visual Studio Version 17
VisualStudioVersion = 17.5.33516.290
MinimumVisualStudioVersion = 10.0.40219.1
Project("{9A19103F-16F7-4668-BE54-9A1E7A4F7556}") = "Backend", "Backend.csproj", "{8F69B6F2-3A1D-4CD0-8E60-3ED6A07EE0B9}"
EndProject
Global
	GlobalSection(SolutionConfigurationPlatforms) = preSolution
		Debug|Any CPU = Debug|Any CPU
		Release|Any CPU = Release|Any CPU
	EndGlobalSection
	GlobalSection(ProjectConfigurationPlatforms) = postSolution
		{8F69B6F2-3A1D-4CD0-8E60-3ED6A07EE0B9}.Debug|Any CPU.ActiveCfg = Debug|Any CPU
		{8F69B6F2-3A1D-4CD0-8E60-3ED6A07EE0B9}.Debug|Any CPU.Build.0 = Debug|Any CPU
		{8F69B6F2-3A1D-4CD0-8E60-3ED6A07EE0B9}.Release|Any CPU.ActiveCfg = Release|Any CPU
		{8F69B6F2-3A1D-4CD0-8E60-3ED6A07EE0B9}.Release|Any CPU.Build.0 = Release|Any CPU
	EndGlobalSection
	GlobalSection(SolutionProperties) = preSolution
		HideSolutionNode = FALSE
	EndGlobalSection
	GlobalSection(ExtensibilityGlobals) = postSolution
		SolutionGuid = {8ECFF1CB-3BA1-4EDF-BC00-D96024BBDDAD}
	EndGlobalSection
EndGlobal
